
Microsoft Visual Studio Solution File, Format Version 12.00
# Visual Studio Version 17
VisualStudioVersion = 17.5.33627.172
MinimumVisualStudioVersion = 10.0.40219.1
Project("{FAE04EC0-301F-11D3-BF4B-00C04F79EFBC}") = "CagemCodeFirstProject", "CagemCodeFirstProject\CagemCodeFirstProject.csproj", "{0FE6003D-3FE8-4F86-B8D6-AC3AD70A3546}"
EndProject
Global
	GlobalSection(SolutionConfigurationPlatforms) = preSolution
		Debug|Any CPU = Debug|Any CPU
		Release|Any CPU = Release|Any CPU
	EndGlobalSection
	GlobalSection(ProjectConfigurationPlatforms) = postSolution
		{0FE6003D-3FE8-4F86-B8D6-AC3AD70A3546}.Debug|Any CPU.ActiveCfg = Debug|Any CPU
		{0FE6003D-3FE8-4F86-B8D6-AC3AD70A3546}.Debug|Any CPU.Build.0 = Debug|Any CPU
		{0FE6003D-3FE8-4F86-B8D6-AC3AD70A3546}.Release|Any CPU.ActiveCfg = Release|Any CPU
		{0FE6003D-3FE8-4F86-B8D6-AC3AD70A3546}.Release|Any CPU.Build.0 = Release|Any CPU
	EndGlobalSection
	GlobalSection(SolutionProperties) = preSolution
		HideSolutionNode = FALSE
	EndGlobalSection
	GlobalSection(ExtensibilityGlobals) = postSolution
		SolutionGuid = {B40D904F-427B-4502-A205-E0A8B755E6A9}
	EndGlobalSection
EndGlobal
